
Microsoft Visual Studio Solution File, Format Version 12.00
# Visual Studio 2012
Project("{FAE04EC0-301F-11D3-BF4B-00C04F79EFBC}") = "TaxCalculationGUI", "TaxCalculationGUI\TaxCalculationGUI.csproj", "{BA842A3E-6C5C-414A-A5B6-2C4881DDBAFB}"
EndProject
Global
	GlobalSection(SolutionConfigurationPlatforms) = preSolution
		Debug|Any CPU = Debug|Any CPU
		Release|Any CPU = Release|Any CPU
	EndGlobalSection
	GlobalSection(ProjectConfigurationPlatforms) = postSolution
		{BA842A3E-6C5C-414A-A5B6-2C4881DDBAFB}.Debug|Any CPU.ActiveCfg = Debug|Any CPU
		{BA842A3E-6C5C-414A-A5B6-2C4881DDBAFB}.Debug|Any CPU.Build.0 = Debug|Any CPU
		{BA842A3E-6C5C-414A-A5B6-2C4881DDBAFB}.Release|Any CPU.ActiveCfg = Release|Any CPU
		{BA842A3E-6C5C-414A-A5B6-2C4881DDBAFB}.Release|Any CPU.Build.0 = Release|Any CPU
	EndGlobalSection
	GlobalSection(SolutionProperties) = preSolution
		HideSolutionNode = FALSE
	EndGlobalSection
EndGlobal
